// !$*UTF8*$!
{
	archiveVersion = 1;
	classes = {
	};
	objectVersion = 56;
	objects = {

/* Begin PBXBuildFile section */
		33DA6C392B73B32B002C1239 /* MoviesApp.swift in Sources */ = {isa = PBXBuildFile; fileRef = 33DA6C382B73B32B002C1239 /* MoviesApp.swift */; };
		33DA6C3B2B73B32B002C1239 /* ContentView.swift in Sources */ = {isa = PBXBuildFile; fileRef = 33DA6C3A2B73B32B002C1239 /* ContentView.swift */; };
		33DA6C3D2B73B32F002C1239 /* Assets.xcassets in Resources */ = {isa = PBXBuildFile; fileRef = 33DA6C3C2B73B32F002C1239 /* Assets.xcassets */; };
		33DA6C402B73B32F002C1239 /* Preview Assets.xcassets in Resources */ = {isa = PBXBuildFile; fileRef = 33DA6C3F2B73B32F002C1239 /* Preview Assets.xcassets */; };
		33DA6C4A2B73B32F002C1239 /* MoviesTests.swift in Sources */ = {isa = PBXBuildFile; fileRef = 33DA6C492B73B32F002C1239 /* MoviesTests.swift */; };
		33DA6C542B73B32F002C1239 /* MoviesUITests.swift in Sources */ = {isa = PBXBuildFile; fileRef = 33DA6C532B73B32F002C1239 /* MoviesUITests.swift */; };
		33DA6C562B73B32F002C1239 /* MoviesUITestsLaunchTests.swift in Sources */ = {isa = PBXBuildFile; fileRef = 33DA6C552B73B32F002C1239 /* MoviesUITestsLaunchTests.swift */; };
		33DA6C672B73D759002C1239 /* PosterSelectionView.swift in Sources */ = {isa = PBXBuildFile; fileRef = 33DA6C662B73D759002C1239 /* PosterSelectionView.swift */; };
		33DA6C6A2B73E6DF002C1239 /* EntertainmentOption.swift in Sources */ = {isa = PBXBuildFile; fileRef = 33DA6C692B73E6DF002C1239 /* EntertainmentOption.swift */; };
		33DA6C6C2B7409BD002C1239 /* PosterOptions.swift in Sources */ = {isa = PBXBuildFile; fileRef = 33DA6C6B2B7409BD002C1239 /* PosterOptions.swift */; };
/* End PBXBuildFile section */

/* Begin PBXContainerItemProxy section */
		33DA6C462B73B32F002C1239 /* PBXContainerItemProxy */ = {
			isa = PBXContainerItemProxy;
			containerPortal = 33DA6C2D2B73B32B002C1239 /* Project object */;
			proxyType = 1;
			remoteGlobalIDString = 33DA6C342B73B32B002C1239;
			remoteInfo = Movies;
		};
		33DA6C502B73B32F002C1239 /* PBXContainerItemProxy */ = {
			isa = PBXContainerItemProxy;
			containerPortal = 33DA6C2D2B73B32B002C1239 /* Project object */;
			proxyType = 1;
			remoteGlobalIDString = 33DA6C342B73B32B002C1239;
			remoteInfo = Movies;
		};
/* End PBXContainerItemProxy section */

/* Begin PBXFileReference section */
		33DA6C352B73B32B002C1239 /* Movies.app */ = {isa = PBXFileReference; explicitFileType = wrapper.application; includeInIndex = 0; path = Movies.app; sourceTree = BUILT_PRODUCTS_DIR; };
		33DA6C382B73B32B002C1239 /* MoviesApp.swift */ = {isa = PBXFileReference; lastKnownFileType = sourcecode.swift; path = MoviesApp.swift; sourceTree = "<group>"; };
		33DA6C3A2B73B32B002C1239 /* ContentView.swift */ = {isa = PBXFileReference; lastKnownFileType = sourcecode.swift; path = ContentView.swift; sourceTree = "<group>"; };
		33DA6C3C2B73B32F002C1239 /* Assets.xcassets */ = {isa = PBXFileReference; lastKnownFileType = folder.assetcatalog; path = Assets.xcassets; sourceTree = "<group>"; };
		33DA6C3F2B73B32F002C1239 /* Preview Assets.xcassets */ = {isa = PBXFileReference; lastKnownFileType = folder.assetcatalog; path = "Preview Assets.xcassets"; sourceTree = "<group>"; };
		33DA6C452B73B32F002C1239 /* MoviesTests.xctest */ = {isa = PBXFileReference; explicitFileType = wrapper.cfbundle; includeInIndex = 0; path = MoviesTests.xctest; sourceTree = BUILT_PRODUCTS_DIR; };
		33DA6C492B73B32F002C1239 /* MoviesTests.swift */ = {isa = PBXFileReference; lastKnownFileType = sourcecode.swift; path = MoviesTests.swift; sourceTree = "<group>"; };
		33DA6C4F2B73B32F002C1239 /* MoviesUITests.xctest */ = {isa = PBXFileReference; explicitFileType = wrapper.cfbundle; includeInIndex = 0; path = MoviesUITests.xctest; sourceTree = BUILT_PRODUCTS_DIR; };
		33DA6C532B73B32F002C1239 /* MoviesUITests.swift */ = {isa = PBXFileReference; lastKnownFileType = sourcecode.swift; path = MoviesUITests.swift; sourceTree = "<group>"; };
		33DA6C552B73B32F002C1239 /* MoviesUITestsLaunchTests.swift */ = {isa = PBXFileReference; lastKnownFileType = sourcecode.swift; path = MoviesUITestsLaunchTests.swift; sourceTree = "<group>"; };
		33DA6C652B73B476002C1239 /* ReadMe.md */ = {isa = PBXFileReference; lastKnownFileType = net.daringfireball.markdown; path = ReadMe.md; sourceTree = "<group>"; };
		33DA6C662B73D759002C1239 /* PosterSelectionView.swift */ = {isa = PBXFileReference; lastKnownFileType = sourcecode.swift; path = PosterSelectionView.swift; sourceTree = "<group>"; };
		33DA6C692B73E6DF002C1239 /* EntertainmentOption.swift */ = {isa = PBXFileReference; lastKnownFileType = sourcecode.swift; path = EntertainmentOption.swift; sourceTree = "<group>"; };
		33DA6C6B2B7409BD002C1239 /* PosterOptions.swift */ = {isa = PBXFileReference; lastKnownFileType = sourcecode.swift; path = PosterOptions.swift; sourceTree = "<group>"; };
/* End PBXFileReference section */

/* Begin PBXFrameworksBuildPhase section */
		33DA6C322B73B32B002C1239 /* Frameworks */ = {
			isa = PBXFrameworksBuildPhase;
			buildActionMask = 2147483647;
			files = (
			);
			runOnlyForDeploymentPostprocessing = 0;
		};
		33DA6C422B73B32F002C1239 /* Frameworks */ = {
			isa = PBXFrameworksBuildPhase;
			buildActionMask = 2147483647;
			files = (
			);
			runOnlyForDeploymentPostprocessing = 0;
		};
		33DA6C4C2B73B32F002C1239 /* Frameworks */ = {
			isa = PBXFrameworksBuildPhase;
			buildActionMask = 2147483647;
			files = (
			);
			runOnlyForDeploymentPostprocessing = 0;
		};
/* End PBXFrameworksBuildPhase section */

/* Begin PBXGroup section */
		33DA6C2C2B73B32B002C1239 = {
			isa = PBXGroup;
			children = (
				33DA6C372B73B32B002C1239 /* Movies */,
				33DA6C482B73B32F002C1239 /* MoviesTests */,
				33DA6C522B73B32F002C1239 /* MoviesUITests */,
				33DA6C362B73B32B002C1239 /* Products */,
			);
			sourceTree = "<group>";
		};
		33DA6C362B73B32B002C1239 /* Products */ = {
			isa = PBXGroup;
			children = (
				33DA6C352B73B32B002C1239 /* Movies.app */,
				33DA6C452B73B32F002C1239 /* MoviesTests.xctest */,
				33DA6C4F2B73B32F002C1239 /* MoviesUITests.xctest */,
			);
			name = Products;
			sourceTree = "<group>";
		};
		33DA6C372B73B32B002C1239 /* Movies */ = {
			isa = PBXGroup;
			children = (
				33DA6C682B73E6B0002C1239 /* Utitities */,
				33DA6C652B73B476002C1239 /* ReadMe.md */,
				33DA6C642B73B3CA002C1239 /* Models */,
				33DA6C632B73B3C3002C1239 /* Views */,
				33DA6C622B73B3B3002C1239 /* ViewModels */,
				33DA6C3C2B73B32F002C1239 /* Assets.xcassets */,
				33DA6C3E2B73B32F002C1239 /* Preview Content */,
			);
			path = Movies;
			sourceTree = "<group>";
		};
		33DA6C3E2B73B32F002C1239 /* Preview Content */ = {
			isa = PBXGroup;
			children = (
				33DA6C3F2B73B32F002C1239 /* Preview Assets.xcassets */,
			);
			path = "Preview Content";
			sourceTree = "<group>";
		};
		33DA6C482B73B32F002C1239 /* MoviesTests */ = {
			isa = PBXGroup;
			children = (
				33DA6C492B73B32F002C1239 /* MoviesTests.swift */,
			);
			path = MoviesTests;
			sourceTree = "<group>";
		};
		33DA6C522B73B32F002C1239 /* MoviesUITests */ = {
			isa = PBXGroup;
			children = (
				33DA6C532B73B32F002C1239 /* MoviesUITests.swift */,
				33DA6C552B73B32F002C1239 /* MoviesUITestsLaunchTests.swift */,
			);
			path = MoviesUITests;
			sourceTree = "<group>";
		};
		33DA6C622B73B3B3002C1239 /* ViewModels */ = {
			isa = PBXGroup;
			children = (
			);
			path = ViewModels;
			sourceTree = "<group>";
		};
		33DA6C632B73B3C3002C1239 /* Views */ = {
			isa = PBXGroup;
			children = (
				33DA6C6B2B7409BD002C1239 /* PosterOptions.swift */,
				33DA6C382B73B32B002C1239 /* MoviesApp.swift */,
				33DA6C3A2B73B32B002C1239 /* ContentView.swift */,
				33DA6C662B73D759002C1239 /* PosterSelectionView.swift */,
			);
			path = Views;
			sourceTree = "<group>";
		};
		33DA6C642B73B3CA002C1239 /* Models */ = {
			isa = PBXGroup;
			children = (
			);
			path = Models;
			sourceTree = "<group>";
		};
		33DA6C682B73E6B0002C1239 /* Utitities */ = {
			isa = PBXGroup;
			children = (
				33DA6C692B73E6DF002C1239 /* EntertainmentOption.swift */,
			);
			path = Utitities;
			sourceTree = "<group>";
		};
/* End PBXGroup section */

/* Begin PBXNativeTarget section */
		33DA6C342B73B32B002C1239 /* Movies */ = {
			isa = PBXNativeTarget;
			buildConfigurationList = 33DA6C592B73B32F002C1239 /* Build configuration list for PBXNativeTarget "Movies" */;
			buildPhases = (
				33DA6C312B73B32B002C1239 /* Sources */,
				33DA6C322B73B32B002C1239 /* Frameworks */,
				33DA6C332B73B32B002C1239 /* Resources */,
			);
			buildRules = (
			);
			dependencies = (
			);
			name = Movies;
			productName = Movies;
			productReference = 33DA6C352B73B32B002C1239 /* Movies.app */;
			productType = "com.apple.product-type.application";
		};
		33DA6C442B73B32F002C1239 /* MoviesTests */ = {
			isa = PBXNativeTarget;
			buildConfigurationList = 33DA6C5C2B73B32F002C1239 /* Build configuration list for PBXNativeTarget "MoviesTests" */;
			buildPhases = (
				33DA6C412B73B32F002C1239 /* Sources */,
				33DA6C422B73B32F002C1239 /* Frameworks */,
				33DA6C432B73B32F002C1239 /* Resources */,
			);
			buildRules = (
			);
			dependencies = (
				33DA6C472B73B32F002C1239 /* PBXTargetDependency */,
			);
			name = MoviesTests;
			productName = MoviesTests;
			productReference = 33DA6C452B73B32F002C1239 /* MoviesTests.xctest */;
			productType = "com.apple.product-type.bundle.unit-test";
		};
		33DA6C4E2B73B32F002C1239 /* MoviesUITests */ = {
			isa = PBXNativeTarget;
			buildConfigurationList = 33DA6C5F2B73B32F002C1239 /* Build configuration list for PBXNativeTarget "MoviesUITests" */;
			buildPhases = (
				33DA6C4B2B73B32F002C1239 /* Sources */,
				33DA6C4C2B73B32F002C1239 /* Frameworks */,
				33DA6C4D2B73B32F002C1239 /* Resources */,
			);
			buildRules = (
			);
			dependencies = (
				33DA6C512B73B32F002C1239 /* PBXTargetDependency */,
			);
			name = MoviesUITests;
			productName = MoviesUITests;
			productReference = 33DA6C4F2B73B32F002C1239 /* MoviesUITests.xctest */;
			productType = "com.apple.product-type.bundle.ui-testing";
		};
/* End PBXNativeTarget section */

/* Begin PBXProject section */
		33DA6C2D2B73B32B002C1239 /* Project object */ = {
			isa = PBXProject;
			attributes = {
				BuildIndependentTargetsInParallel = 1;
				LastSwiftUpdateCheck = 1500;
				LastUpgradeCheck = 1500;
				TargetAttributes = {
					33DA6C342B73B32B002C1239 = {
						CreatedOnToolsVersion = 15.0.1;
					};
					33DA6C442B73B32F002C1239 = {
						CreatedOnToolsVersion = 15.0.1;
						TestTargetID = 33DA6C342B73B32B002C1239;
					};
					33DA6C4E2B73B32F002C1239 = {
						CreatedOnToolsVersion = 15.0.1;
						TestTargetID = 33DA6C342B73B32B002C1239;
					};
				};
			};
			buildConfigurationList = 33DA6C302B73B32B002C1239 /* Build configuration list for PBXProject "Movies" */;
			compatibilityVersion = "Xcode 14.0";
			developmentRegion = en;
			hasScannedForEncodings = 0;
			knownRegions = (
				en,
				Base,
			);
			mainGroup = 33DA6C2C2B73B32B002C1239;
			productRefGroup = 33DA6C362B73B32B002C1239 /* Products */;
			projectDirPath = "";
			projectRoot = "";
			targets = (
				33DA6C342B73B32B002C1239 /* Movies */,
				33DA6C442B73B32F002C1239 /* MoviesTests */,
				33DA6C4E2B73B32F002C1239 /* MoviesUITests */,
			);
		};
/* End PBXProject section */

/* Begin PBXResourcesBuildPhase section */
		33DA6C332B73B32B002C1239 /* Resources */ = {
			isa = PBXResourcesBuildPhase;
			buildActionMask = 2147483647;
			files = (
				33DA6C402B73B32F002C1239 /* Preview Assets.xcassets in Resources */,
				33DA6C3D2B73B32F002C1239 /* Assets.xcassets in Resources */,
			);
			runOnlyForDeploymentPostprocessing = 0;
		};
		33DA6C432B73B32F002C1239 /* Resources */ = {
			isa = PBXResourcesBuildPhase;
			buildActionMask = 2147483647;
			files = (
			);
			runOnlyForDeploymentPostprocessing = 0;
		};
		33DA6C4D2B73B32F002C1239 /* Resources */ = {
			isa = PBXResourcesBuildPhase;
			buildActionMask = 2147483647;
			files = (
			);
			runOnlyForDeploymentPostprocessing = 0;
		};
/* End PBXResourcesBuildPhase section */

/* Begin PBXSourcesBuildPhase section */
		33DA6C312B73B32B002C1239 /* Sources */ = {
			isa = PBXSourcesBuildPhase;
			buildActionMask = 2147483647;
			files = (
				33DA6C672B73D759002C1239 /* PosterSelectionView.swift in Sources */,
				33DA6C3B2B73B32B002C1239 /* ContentView.swift in Sources */,
				33DA6C6C2B7409BD002C1239 /* PosterOptions.swift in Sources */,
				33DA6C392B73B32B002C1239 /* MoviesApp.swift in Sources */,
				33DA6C6A2B73E6DF002C1239 /* EntertainmentOption.swift in Sources */,
			);
			runOnlyForDeploymentPostprocessing = 0;
		};
		33DA6C412B73B32F002C1239 /* Sources */ = {
			isa = PBXSourcesBuildPhase;
			buildActionMask = 2147483647;
			files = (
				33DA6C4A2B73B32F002C1239 /* MoviesTests.swift in Sources */,
			);
			runOnlyForDeploymentPostprocessing = 0;
		};
		33DA6C4B2B73B32F002C1239 /* Sources */ = {
			isa = PBXSourcesBuildPhase;
			buildActionMask = 2147483647;
			files = (
				33DA6C542B73B32F002C1239 /* MoviesUITests.swift in Sources */,
				33DA6C562B73B32F002C1239 /* MoviesUITestsLaunchTests.swift in Sources */,
			);
			runOnlyForDeploymentPostprocessing = 0;
		};
/* End PBXSourcesBuildPhase section */

/* Begin PBXTargetDependency section */
		33DA6C472B73B32F002C1239 /* PBXTargetDependency */ = {
			isa = PBXTargetDependency;
			target = 33DA6C342B73B32B002C1239 /* Movies */;
			targetProxy = 33DA6C462B73B32F002C1239 /* PBXContainerItemProxy */;
		};
		33DA6C512B73B32F002C1239 /* PBXTargetDependency */ = {
			isa = PBXTargetDependency;
			target = 33DA6C342B73B32B002C1239 /* Movies */;
			targetProxy = 33DA6C502B73B32F002C1239 /* PBXContainerItemProxy */;
		};
/* End PBXTargetDependency section */

/* Begin XCBuildConfiguration section */
		33DA6C572B73B32F002C1239 /* Debug */ = {
			isa = XCBuildConfiguration;
			buildSettings = {
				ALWAYS_SEARCH_USER_PATHS = NO;
				ASSETCATALOG_COMPILER_GENERATE_SWIFT_ASSET_SYMBOL_EXTENSIONS = YES;
				CLANG_ANALYZER_NONNULL = YES;
				CLANG_ANALYZER_NUMBER_OBJECT_CONVERSION = YES_AGGRESSIVE;
				CLANG_CXX_LANGUAGE_STANDARD = "gnu++20";
				CLANG_ENABLE_MODULES = YES;
				CLANG_ENABLE_OBJC_ARC = YES;
				CLANG_ENABLE_OBJC_WEAK = YES;
				CLANG_WARN_BLOCK_CAPTURE_AUTORELEASING = YES;
				CLANG_WARN_BOOL_CONVERSION = YES;
				CLANG_WARN_COMMA = YES;
				CLANG_WARN_CONSTANT_CONVERSION = YES;
				CLANG_WARN_DEPRECATED_OBJC_IMPLEMENTATIONS = YES;
				CLANG_WARN_DIRECT_OBJC_ISA_USAGE = YES_ERROR;
				CLANG_WARN_DOCUMENTATION_COMMENTS = YES;
				CLANG_WARN_EMPTY_BODY = YES;
				CLANG_WARN_ENUM_CONVERSION = YES;
				CLANG_WARN_INFINITE_RECURSION = YES;
				CLANG_WARN_INT_CONVERSION = YES;
				CLANG_WARN_NON_LITERAL_NULL_CONVERSION = YES;
				CLANG_WARN_OBJC_IMPLICIT_RETAIN_SELF = YES;
				CLANG_WARN_OBJC_LITERAL_CONVERSION = YES;
				CLANG_WARN_OBJC_ROOT_CLASS = YES_ERROR;
				CLANG_WARN_QUOTED_INCLUDE_IN_FRAMEWORK_HEADER = YES;
				CLANG_WARN_RANGE_LOOP_ANALYSIS = YES;
				CLANG_WARN_STRICT_PROTOTYPES = YES;
				CLANG_WARN_SUSPICIOUS_MOVE = YES;
				CLANG_WARN_UNGUARDED_AVAILABILITY = YES_AGGRESSIVE;
				CLANG_WARN_UNREACHABLE_CODE = YES;
				CLANG_WARN__DUPLICATE_METHOD_MATCH = YES;
				COPY_PHASE_STRIP = NO;
				DEBUG_INFORMATION_FORMAT = dwarf;
				ENABLE_STRICT_OBJC_MSGSEND = YES;
				ENABLE_TESTABILITY = YES;
				ENABLE_USER_SCRIPT_SANDBOXING = YES;
				GCC_C_LANGUAGE_STANDARD = gnu17;
				GCC_DYNAMIC_NO_PIC = NO;
				GCC_NO_COMMON_BLOCKS = YES;
				GCC_OPTIMIZATION_LEVEL = 0;
				GCC_PREPROCESSOR_DEFINITIONS = (
					"DEBUG=1",
					"$(inherited)",
				);
				GCC_WARN_64_TO_32_BIT_CONVERSION = YES;
				GCC_WARN_ABOUT_RETURN_TYPE = YES_ERROR;
				GCC_WARN_UNDECLARED_SELECTOR = YES;
				GCC_WARN_UNINITIALIZED_AUTOS = YES_AGGRESSIVE;
				GCC_WARN_UNUSED_FUNCTION = YES;
				GCC_WARN_UNUSED_VARIABLE = YES;
				IPHONEOS_DEPLOYMENT_TARGET = 17.0;
				LOCALIZATION_PREFERS_STRING_CATALOGS = YES;
				MTL_ENABLE_DEBUG_INFO = INCLUDE_SOURCE;
				MTL_FAST_MATH = YES;
				ONLY_ACTIVE_ARCH = YES;
				SDKROOT = iphoneos;
				SWIFT_ACTIVE_COMPILATION_CONDITIONS = "DEBUG $(inherited)";
				SWIFT_OPTIMIZATION_LEVEL = "-Onone";
			};
			name = Debug;
		};
		33DA6C582B73B32F002C1239 /* Release */ = {
			isa = XCBuildConfiguration;
			buildSettings = {
				ALWAYS_SEARCH_USER_PATHS = NO;
				ASSETCATALOG_COMPILER_GENERATE_SWIFT_ASSET_SYMBOL_EXTENSIONS = YES;
				CLANG_ANALYZER_NONNULL = YES;
				CLANG_ANALYZER_NUMBER_OBJECT_CONVERSION = YES_AGGRESSIVE;
				CLANG_CXX_LANGUAGE_STANDARD = "gnu++20";
				CLANG_ENABLE_MODULES = YES;
				CLANG_ENABLE_OBJC_ARC = YES;
				CLANG_ENABLE_OBJC_WEAK = YES;
				CLANG_WARN_BLOCK_CAPTURE_AUTORELEASING = YES;
				CLANG_WARN_BOOL_CONVERSION = YES;
				CLANG_WARN_COMMA = YES;
				CLANG_WARN_CONSTANT_CONVERSION = YES;
				CLANG_WARN_DEPRECATED_OBJC_IMPLEMENTATIONS = YES;
				CLANG_WARN_DIRECT_OBJC_ISA_USAGE = YES_ERROR;
				CLANG_WARN_DOCUMENTATION_COMMENTS = YES;
				CLANG_WARN_EMPTY_BODY = YES;
				CLANG_WARN_ENUM_CONVERSION = YES;
				CLANG_WARN_INFINITE_RECURSION = YES;
				CLANG_WARN_INT_CONVERSION = YES;
				CLANG_WARN_NON_LITERAL_NULL_CONVERSION = YES;
				CLANG_WARN_OBJC_IMPLICIT_RETAIN_SELF = YES;
				CLANG_WARN_OBJC_LITERAL_CONVERSION = YES;
				CLANG_WARN_OBJC_ROOT_CLASS = YES_ERROR;
				CLANG_WARN_QUOTED_INCLUDE_IN_FRAMEWORK_HEADER = YES;
				CLANG_WARN_RANGE_LOOP_ANALYSIS = YES;
				CLANG_WARN_STRICT_PROTOTYPES = YES;
				CLANG_WARN_SUSPICIOUS_MOVE = YES;
				CLANG_WARN_UNGUARDED_AVAILABILITY = YES_AGGRESSIVE;
				CLANG_WARN_UNREACHABLE_CODE = YES;
				CLANG_WARN__DUPLICATE_METHOD_MATCH = YES;
				COPY_PHASE_STRIP = NO;
				DEBUG_INFORMATION_FORMAT = "dwarf-with-dsym";
				ENABLE_NS_ASSERTIONS = NO;
				ENABLE_STRICT_OBJC_MSGSEND = YES;
				ENABLE_USER_SCRIPT_SANDBOXING = YES;
				GCC_C_LANGUAGE_STANDARD = gnu17;
				GCC_NO_COMMON_BLOCKS = YES;
				GCC_WARN_64_TO_32_BIT_CONVERSION = YES;
				GCC_WARN_ABOUT_RETURN_TYPE = YES_ERROR;
				GCC_WARN_UNDECLARED_SELECTOR = YES;
				GCC_WARN_UNINITIALIZED_AUTOS = YES_AGGRESSIVE;
				GCC_WARN_UNUSED_FUNCTION = YES;
				GCC_WARN_UNUSED_VARIABLE = YES;
				IPHONEOS_DEPLOYMENT_TARGET = 17.0;
				LOCALIZATION_PREFERS_STRING_CATALOGS = YES;
				MTL_ENABLE_DEBUG_INFO = NO;
				MTL_FAST_MATH = YES;
				SDKROOT = iphoneos;
				SWIFT_COMPILATION_MODE = wholemodule;
				VALIDATE_PRODUCT = YES;
			};
			name = Release;
		};
		33DA6C5A2B73B32F002C1239 /* Debug */ = {
			isa = XCBuildConfiguration;
			buildSettings = {
				ASSETCATALOG_COMPILER_APPICON_NAME = AppIcon;
				ASSETCATALOG_COMPILER_GLOBAL_ACCENT_COLOR_NAME = AccentColor;
				CODE_SIGN_STYLE = Automatic;
				CURRENT_PROJECT_VERSION = 1;
				DEVELOPMENT_ASSET_PATHS = "\"Movies/Preview Content\"";
				ENABLE_PREVIEWS = YES;
				GENERATE_INFOPLIST_FILE = YES;
				INFOPLIST_KEY_UIApplicationSceneManifest_Generation = YES;
				INFOPLIST_KEY_UIApplicationSupportsIndirectInputEvents = YES;
				INFOPLIST_KEY_UILaunchScreen_Generation = YES;
				INFOPLIST_KEY_UISupportedInterfaceOrientations_iPad = "UIInterfaceOrientationPortrait UIInterfaceOrientationPortraitUpsideDown UIInterfaceOrientationLandscapeLeft UIInterfaceOrientationLandscapeRight";
				INFOPLIST_KEY_UISupportedInterfaceOrientations_iPhone = "UIInterfaceOrientationPortrait UIInterfaceOrientationLandscapeLeft UIInterfaceOrientationLandscapeRight";
				LD_RUNPATH_SEARCH_PATHS = (
					"$(inherited)",
					"@executable_path/Frameworks",
				);
				MARKETING_VERSION = 1.0;
				PRODUCT_BUNDLE_IDENTIFIER = com.prabhat.swiftUI.movieApp.Movies;
				PRODUCT_NAME = "$(TARGET_NAME)";
				SWIFT_EMIT_LOC_STRINGS = YES;
				SWIFT_VERSION = 5.0;
				TARGETED_DEVICE_FAMILY = "1,2";
			};
			name = Debug;
		};
		33DA6C5B2B73B32F002C1239 /* Release */ = {
			isa = XCBuildConfiguration;
			buildSettings = {
				ASSETCATALOG_COMPILER_APPICON_NAME = AppIcon;
				ASSETCATALOG_COMPILER_GLOBAL_ACCENT_COLOR_NAME = AccentColor;
				CODE_SIGN_STYLE = Automatic;
				CURRENT_PROJECT_VERSION = 1;
				DEVELOPMENT_ASSET_PATHS = "\"Movies/Preview Content\"";
				ENABLE_PREVIEWS = YES;
				GENERATE_INFOPLIST_FILE = YES;
				INFOPLIST_KEY_UIApplicationSceneManifest_Generation = YES;
				INFOPLIST_KEY_UIApplicationSupportsIndirectInputEvents = YES;
				INFOPLIST_KEY_UILaunchScreen_Generation = YES;
				INFOPLIST_KEY_UISupportedInterfaceOrientations_iPad = "UIInterfaceOrientationPortrait UIInterfaceOrientationPortraitUpsideDown UIInterfaceOrientationLandscapeLeft UIInterfaceOrientationLandscapeRight";
				INFOPLIST_KEY_UISupportedInterfaceOrientations_iPhone = "UIInterfaceOrientationPortrait UIInterfaceOrientationLandscapeLeft UIInterfaceOrientationLandscapeRight";
				LD_RUNPATH_SEARCH_PATHS = (
					"$(inherited)",
					"@executable_path/Frameworks",
				);
				MARKETING_VERSION = 1.0;
				PRODUCT_BUNDLE_IDENTIFIER = com.prabhat.swiftUI.movieApp.Movies;
				PRODUCT_NAME = "$(TARGET_NAME)";
				SWIFT_EMIT_LOC_STRINGS = YES;
				SWIFT_VERSION = 5.0;
				TARGETED_DEVICE_FAMILY = "1,2";
			};
			name = Release;
		};
		33DA6C5D2B73B32F002C1239 /* Debug */ = {
			isa = XCBuildConfiguration;
			buildSettings = {
				ALWAYS_EMBED_SWIFT_STANDARD_LIBRARIES = YES;
				BUNDLE_LOADER = "$(TEST_HOST)";
				CODE_SIGN_STYLE = Automatic;
				CURRENT_PROJECT_VERSION = 1;
				GENERATE_INFOPLIST_FILE = YES;
				IPHONEOS_DEPLOYMENT_TARGET = 17.0;
				MARKETING_VERSION = 1.0;
				PRODUCT_BUNDLE_IDENTIFIER = com.prabhat.swiftUI.movieApp.MoviesTests;
				PRODUCT_NAME = "$(TARGET_NAME)";
				SWIFT_EMIT_LOC_STRINGS = NO;
				SWIFT_VERSION = 5.0;
				TARGETED_DEVICE_FAMILY = "1,2";
				TEST_HOST = "$(BUILT_PRODUCTS_DIR)/Movies.app/$(BUNDLE_EXECUTABLE_FOLDER_PATH)/Movies";
			};
			name = Debug;
		};
		33DA6C5E2B73B32F002C1239 /* Release */ = {
			isa = XCBuildConfiguration;
			buildSettings = {
				ALWAYS_EMBED_SWIFT_STANDARD_LIBRARIES = YES;
				BUNDLE_LOADER = "$(TEST_HOST)";
				CODE_SIGN_STYLE = Automatic;
				CURRENT_PROJECT_VERSION = 1;
				GENERATE_INFOPLIST_FILE = YES;
				IPHONEOS_DEPLOYMENT_TARGET = 17.0;
				MARKETING_VERSION = 1.0;
				PRODUCT_BUNDLE_IDENTIFIER = com.prabhat.swiftUI.movieApp.MoviesTests;
				PRODUCT_NAME = "$(TARGET_NAME)";
				SWIFT_EMIT_LOC_STRINGS = NO;
				SWIFT_VERSION = 5.0;
				TARGETED_DEVICE_FAMILY = "1,2";
				TEST_HOST = "$(BUILT_PRODUCTS_DIR)/Movies.app/$(BUNDLE_EXECUTABLE_FOLDER_PATH)/Movies";
			};
			name = Release;
		};
		33DA6C602B73B32F002C1239 /* Debug */ = {
			isa = XCBuildConfiguration;
			buildSettings = {
				ALWAYS_EMBED_SWIFT_STANDARD_LIBRARIES = YES;
				CODE_SIGN_STYLE = Automatic;
				CURRENT_PROJECT_VERSION = 1;
				GENERATE_INFOPLIST_FILE = YES;
				MARKETING_VERSION = 1.0;
				PRODUCT_BUNDLE_IDENTIFIER = com.prabhat.swiftUI.movieApp.MoviesUITests;
				PRODUCT_NAME = "$(TARGET_NAME)";
				SWIFT_EMIT_LOC_STRINGS = NO;
				SWIFT_VERSION = 5.0;
				TARGETED_DEVICE_FAMILY = "1,2";
				TEST_TARGET_NAME = Movies;
			};
			name = Debug;
		};
		33DA6C612B73B32F002C1239 /* Release */ = {
			isa = XCBuildConfiguration;
			buildSettings = {
				ALWAYS_EMBED_SWIFT_STANDARD_LIBRARIES = YES;
				CODE_SIGN_STYLE = Automatic;
				CURRENT_PROJECT_VERSION = 1;
				GENERATE_INFOPLIST_FILE = YES;
				MARKETING_VERSION = 1.0;
				PRODUCT_BUNDLE_IDENTIFIER = com.prabhat.swiftUI.movieApp.MoviesUITests;
				PRODUCT_NAME = "$(TARGET_NAME)";
				SWIFT_EMIT_LOC_STRINGS = NO;
				SWIFT_VERSION = 5.0;
				TARGETED_DEVICE_FAMILY = "1,2";
				TEST_TARGET_NAME = Movies;
			};
			name = Release;
		};
/* End XCBuildConfiguration section */

/* Begin XCConfigurationList section */
		33DA6C302B73B32B002C1239 /* Build configuration list for PBXProject "Movies" */ = {
			isa = XCConfigurationList;
			buildConfigurations = (
				33DA6C572B73B32F002C1239 /* Debug */,
				33DA6C582B73B32F002C1239 /* Release */,
			);
			defaultConfigurationIsVisible = 0;
			defaultConfigurationName = Release;
		};
		33DA6C592B73B32F002C1239 /* Build configuration list for PBXNativeTarget "Movies" */ = {
			isa = XCConfigurationList;
			buildConfigurations = (
				33DA6C5A2B73B32F002C1239 /* Debug */,
				33DA6C5B2B73B32F002C1239 /* Release */,
			);
			defaultConfigurationIsVisible = 0;
			defaultConfigurationName = Release;
		};
		33DA6C5C2B73B32F002C1239 /* Build configuration list for PBXNativeTarget "MoviesTests" */ = {
			isa = XCConfigurationList;
			buildConfigurations = (
				33DA6C5D2B73B32F002C1239 /* Debug */,
				33DA6C5E2B73B32F002C1239 /* Release */,
			);
			defaultConfigurationIsVisible = 0;
			defaultConfigurationName = Release;
		};
		33DA6C5F2B73B32F002C1239 /* Build configuration list for PBXNativeTarget "MoviesUITests" */ = {
			isa = XCConfigurationList;
			buildConfigurations = (
				33DA6C602B73B32F002C1239 /* Debug */,
				33DA6C612B73B32F002C1239 /* Release */,
			);
			defaultConfigurationIsVisible = 0;
			defaultConfigurationName = Release;
		};
/* End XCConfigurationList section */
	};
	rootObject = 33DA6C2D2B73B32B002C1239 /* Project object */;
}
